// !$*UTF8*$!
{
	archiveVersion = 1;
	classes = {
	};
	objectVersion = 50;
	objects = {

/* Begin PBXBuildFile section */
		31B1644A30AC880C2119634D /* Pods_fBDemo.framework in Frameworks */ = {isa = PBXBuildFile; fileRef = 6A243603939D4FC6A5E3AE34 /* Pods_fBDemo.framework */; };
		A51C77A12227C683001DFD90 /* Constant.swift in Sources */ = {isa = PBXBuildFile; fileRef = A51C77A02227C683001DFD90 /* Constant.swift */; };
		A51C77A32228216D001DFD90 /* placeholder.png in Resources */ = {isa = PBXBuildFile; fileRef = A51C77A22228216D001DFD90 /* placeholder.png */; };
		A51C77A5222823E4001DFD90 /* turn-right-sign.png in Resources */ = {isa = PBXBuildFile; fileRef = A51C77A4222823E3001DFD90 /* turn-right-sign.png */; };
		A51C77A7222824AF001DFD90 /* callNow.png in Resources */ = {isa = PBXBuildFile; fileRef = A51C77A6222824AE001DFD90 /* callNow.png */; };
		A51C77A922282B4E001DFD90 /* CartViewController.swift in Sources */ = {isa = PBXBuildFile; fileRef = A51C77A822282B4E001DFD90 /* CartViewController.swift */; };
		A5306FEF22267D1A00FD6C35 /* back-navigational.png in Resources */ = {isa = PBXBuildFile; fileRef = A5306FEE22267D1A00FD6C35 /* back-navigational.png */; };
		A53E7E91221AB5C900D6000E /* AppDelegate.swift in Sources */ = {isa = PBXBuildFile; fileRef = A53E7E90221AB5C900D6000E /* AppDelegate.swift */; };
		A53E7E93221AB5C900D6000E /* ViewController.swift in Sources */ = {isa = PBXBuildFile; fileRef = A53E7E92221AB5C900D6000E /* ViewController.swift */; };
		A53E7E96221AB5C900D6000E /* Main.storyboard in Resources */ = {isa = PBXBuildFile; fileRef = A53E7E94221AB5C900D6000E /* Main.storyboard */; };
		A53E7E98221AB5D800D6000E /* Assets.xcassets in Resources */ = {isa = PBXBuildFile; fileRef = A53E7E97221AB5D800D6000E /* Assets.xcassets */; };
		A53E7E9B221AB5D800D6000E /* LaunchScreen.storyboard in Resources */ = {isa = PBXBuildFile; fileRef = A53E7E99221AB5D800D6000E /* LaunchScreen.storyboard */; };
		A5437204221BD81F00532472 /* GoogleService-Info.plist in Resources */ = {isa = PBXBuildFile; fileRef = A5437203221BD81F00532472 /* GoogleService-Info.plist */; };
		A5437206221BFA4200532472 /* MainViewController.swift in Sources */ = {isa = PBXBuildFile; fileRef = A5437205221BFA4200532472 /* MainViewController.swift */; };
		A54E3826221EB3FD0029D9DE /* iconmonstr-location-pin-thin.png in Resources */ = {isa = PBXBuildFile; fileRef = A54E3825221EB3FD0029D9DE /* iconmonstr-location-pin-thin.png */; };
		A54E3828221EB4A80029D9DE /* arrow__down__arrow-down__dropdown__download__chevron-down__set-512.png in Resources */ = {isa = PBXBuildFile; fileRef = A54E3827221EB4A80029D9DE /* arrow__down__arrow-down__dropdown__download__chevron-down__set-512.png */; };
		A54E382A221EBE440029D9DE /* HotelCover.jpg in Resources */ = {isa = PBXBuildFile; fileRef = A54E3829221EBE430029D9DE /* HotelCover.jpg */; };
		A5605EE6223A63BC0044F003 /* OrderSummeryViewController.swift in Sources */ = {isa = PBXBuildFile; fileRef = A5605EE5223A63BC0044F003 /* OrderSummeryViewController.swift */; };
		A5605EE8223A94700044F003 /* inline.png in Resources */ = {isa = PBXBuildFile; fileRef = A5605EE7223A946C0044F003 /* inline.png */; };
		A585F5F722240700003376ED /* add-to-cart.png in Resources */ = {isa = PBXBuildFile; fileRef = A585F5F622240700003376ED /* add-to-cart.png */; };
		A585F5F92224218A003376ED /* MenuViewController.swift in Sources */ = {isa = PBXBuildFile; fileRef = A585F5F82224218A003376ED /* MenuViewController.swift */; };
		A5913A73222D4ABD00DB98F5 /* ShowQRViewController.swift in Sources */ = {isa = PBXBuildFile; fileRef = A5913A72222D4ABD00DB98F5 /* ShowQRViewController.swift */; };
/* End PBXBuildFile section */

/* Begin PBXFileReference section */
		0F899118325B2A36BE970EEA /* Pods-fBDemo.release.xcconfig */ = {isa = PBXFileReference; includeInIndex = 1; lastKnownFileType = text.xcconfig; name = "Pods-fBDemo.release.xcconfig"; path = "Pods/Target Support Files/Pods-fBDemo/Pods-fBDemo.release.xcconfig"; sourceTree = "<group>"; };
		6A243603939D4FC6A5E3AE34 /* Pods_fBDemo.framework */ = {isa = PBXFileReference; explicitFileType = wrapper.framework; includeInIndex = 0; path = Pods_fBDemo.framework; sourceTree = BUILT_PRODUCTS_DIR; };
		A51C77A02227C683001DFD90 /* Constant.swift */ = {isa = PBXFileReference; lastKnownFileType = sourcecode.swift; path = Constant.swift; sourceTree = "<group>"; };
		A51C77A22228216D001DFD90 /* placeholder.png */ = {isa = PBXFileReference; lastKnownFileType = image.png; path = placeholder.png; sourceTree = "<group>"; };
		A51C77A4222823E3001DFD90 /* turn-right-sign.png */ = {isa = PBXFileReference; lastKnownFileType = image.png; path = "turn-right-sign.png"; sourceTree = "<group>"; };
		A51C77A6222824AE001DFD90 /* callNow.png */ = {isa = PBXFileReference; lastKnownFileType = image.png; path = callNow.png; sourceTree = "<group>"; };
		A51C77A822282B4E001DFD90 /* CartViewController.swift */ = {isa = PBXFileReference; lastKnownFileType = sourcecode.swift; path = CartViewController.swift; sourceTree = "<group>"; };
		A5306FEE22267D1A00FD6C35 /* back-navigational.png */ = {isa = PBXFileReference; lastKnownFileType = image.png; path = "back-navigational.png"; sourceTree = "<group>"; };
		A53E7E8D221AB5C900D6000E /* fBDemo.app */ = {isa = PBXFileReference; explicitFileType = wrapper.application; includeInIndex = 0; path = fBDemo.app; sourceTree = BUILT_PRODUCTS_DIR; };
		A53E7E90221AB5C900D6000E /* AppDelegate.swift */ = {isa = PBXFileReference; lastKnownFileType = sourcecode.swift; path = AppDelegate.swift; sourceTree = "<group>"; };
		A53E7E92221AB5C900D6000E /* ViewController.swift */ = {isa = PBXFileReference; lastKnownFileType = sourcecode.swift; path = ViewController.swift; sourceTree = "<group>"; };
		A53E7E95221AB5C900D6000E /* Base */ = {isa = PBXFileReference; lastKnownFileType = file.storyboard; name = Base; path = Base.lproj/Main.storyboard; sourceTree = "<group>"; };
		A53E7E97221AB5D800D6000E /* Assets.xcassets */ = {isa = PBXFileReference; lastKnownFileType = folder.assetcatalog; path = Assets.xcassets; sourceTree = "<group>"; };
		A53E7E9A221AB5D800D6000E /* Base */ = {isa = PBXFileReference; lastKnownFileType = file.storyboard; name = Base; path = Base.lproj/LaunchScreen.storyboard; sourceTree = "<group>"; };
		A53E7E9C221AB5D800D6000E /* Info.plist */ = {isa = PBXFileReference; lastKnownFileType = text.plist.xml; path = Info.plist; sourceTree = "<group>"; };
		A5437203221BD81F00532472 /* GoogleService-Info.plist */ = {isa = PBXFileReference; fileEncoding = 4; lastKnownFileType = text.plist.xml; path = "GoogleService-Info.plist"; sourceTree = "<group>"; };
		A5437205221BFA4200532472 /* MainViewController.swift */ = {isa = PBXFileReference; lastKnownFileType = sourcecode.swift; path = MainViewController.swift; sourceTree = "<group>"; };
		A54E3825221EB3FD0029D9DE /* iconmonstr-location-pin-thin.png */ = {isa = PBXFileReference; lastKnownFileType = image.png; path = "iconmonstr-location-pin-thin.png"; sourceTree = "<group>"; };
		A54E3827221EB4A80029D9DE /* arrow__down__arrow-down__dropdown__download__chevron-down__set-512.png */ = {isa = PBXFileReference; lastKnownFileType = image.png; path = "arrow__down__arrow-down__dropdown__download__chevron-down__set-512.png"; sourceTree = "<group>"; };
		A54E3829221EBE430029D9DE /* HotelCover.jpg */ = {isa = PBXFileReference; lastKnownFileType = image.jpeg; path = HotelCover.jpg; sourceTree = "<group>"; };
		A5605EE5223A63BC0044F003 /* OrderSummeryViewController.swift */ = {isa = PBXFileReference; lastKnownFileType = sourcecode.swift; path = OrderSummeryViewController.swift; sourceTree = "<group>"; };
		A5605EE7223A946C0044F003 /* inline.png */ = {isa = PBXFileReference; lastKnownFileType = image.png; path = inline.png; sourceTree = "<group>"; };
		A585F5F622240700003376ED /* add-to-cart.png */ = {isa = PBXFileReference; lastKnownFileType = image.png; path = "add-to-cart.png"; sourceTree = "<group>"; };
		A585F5F82224218A003376ED /* MenuViewController.swift */ = {isa = PBXFileReference; lastKnownFileType = sourcecode.swift; path = MenuViewController.swift; sourceTree = "<group>"; };
		A5913A72222D4ABD00DB98F5 /* ShowQRViewController.swift */ = {isa = PBXFileReference; lastKnownFileType = sourcecode.swift; path = ShowQRViewController.swift; sourceTree = "<group>"; };
		FD186035CB5B1EF7E93A0CB2 /* Pods-fBDemo.debug.xcconfig */ = {isa = PBXFileReference; includeInIndex = 1; lastKnownFileType = text.xcconfig; name = "Pods-fBDemo.debug.xcconfig"; path = "Pods/Target Support Files/Pods-fBDemo/Pods-fBDemo.debug.xcconfig"; sourceTree = "<group>"; };
/* End PBXFileReference section */

/* Begin PBXFrameworksBuildPhase section */
		A53E7E8A221AB5C900D6000E /* Frameworks */ = {
			isa = PBXFrameworksBuildPhase;
			buildActionMask = 2147483647;
			files = (
				31B1644A30AC880C2119634D /* Pods_fBDemo.framework in Frameworks */,
			);
			runOnlyForDeploymentPostprocessing = 0;
		};
/* End PBXFrameworksBuildPhase section */

/* Begin PBXGroup section */
		16C744950DD85996FADBD7E0 /* Pods */ = {
			isa = PBXGroup;
			children = (
				FD186035CB5B1EF7E93A0CB2 /* Pods-fBDemo.debug.xcconfig */,
				0F899118325B2A36BE970EEA /* Pods-fBDemo.release.xcconfig */,
			);
			name = Pods;
			sourceTree = "<group>";
		};
		7A38F26BEA4679B7B6719F14 /* Frameworks */ = {
			isa = PBXGroup;
			children = (
				6A243603939D4FC6A5E3AE34 /* Pods_fBDemo.framework */,
			);
			name = Frameworks;
			sourceTree = "<group>";
		};
		A53E7E84221AB5C900D6000E = {
			isa = PBXGroup;
			children = (
				A53E7E8F221AB5C900D6000E /* fBDemo */,
				A53E7E8E221AB5C900D6000E /* Products */,
				16C744950DD85996FADBD7E0 /* Pods */,
				7A38F26BEA4679B7B6719F14 /* Frameworks */,
			);
			sourceTree = "<group>";
		};
		A53E7E8E221AB5C900D6000E /* Products */ = {
			isa = PBXGroup;
			children = (
				A53E7E8D221AB5C900D6000E /* fBDemo.app */,
			);
			name = Products;
			sourceTree = "<group>";
		};
		A53E7E8F221AB5C900D6000E /* fBDemo */ = {
			isa = PBXGroup;
			children = (
				A53E7E90221AB5C900D6000E /* AppDelegate.swift */,
				A53E7E92221AB5C900D6000E /* ViewController.swift */,
				A5437205221BFA4200532472 /* MainViewController.swift */,
				A585F5F82224218A003376ED /* MenuViewController.swift */,
				A51C77A822282B4E001DFD90 /* CartViewController.swift */,
				A5913A72222D4ABD00DB98F5 /* ShowQRViewController.swift */,
				A5605EE5223A63BC0044F003 /* OrderSummeryViewController.swift */,
				A51C77A02227C683001DFD90 /* Constant.swift */,
				A53E7E94221AB5C900D6000E /* Main.storyboard */,
				A585F5FA222421AF003376ED /* supportdata */,
				A53E7E97221AB5D800D6000E /* Assets.xcassets */,
				A53E7E99221AB5D800D6000E /* LaunchScreen.storyboard */,
				A5437203221BD81F00532472 /* GoogleService-Info.plist */,
				A53E7E9C221AB5D800D6000E /* Info.plist */,
			);
			path = fBDemo;
			sourceTree = "<group>";
		};
		A585F5FA222421AF003376ED /* supportdata */ = {
			isa = PBXGroup;
			children = (
				A51C77A6222824AE001DFD90 /* callNow.png */,
				A5605EE7223A946C0044F003 /* inline.png */,
				A51C77A22228216D001DFD90 /* placeholder.png */,
				A51C77A4222823E3001DFD90 /* turn-right-sign.png */,
				A54E3825221EB3FD0029D9DE /* iconmonstr-location-pin-thin.png */,
				A54E3827221EB4A80029D9DE /* arrow__down__arrow-down__dropdown__download__chevron-down__set-512.png */,
				A54E3829221EBE430029D9DE /* HotelCover.jpg */,
				A5306FEE22267D1A00FD6C35 /* back-navigational.png */,
				A585F5F622240700003376ED /* add-to-cart.png */,
			);
			path = supportdata;
			sourceTree = "<group>";
		};
/* End PBXGroup section */

/* Begin PBXNativeTarget section */
		A53E7E8C221AB5C900D6000E /* fBDemo */ = {
			isa = PBXNativeTarget;
			buildConfigurationList = A53E7E9F221AB5D800D6000E /* Build configuration list for PBXNativeTarget "fBDemo" */;
			buildPhases = (
				CFBCDEFBF4E0833BB750895E /* [CP] Check Pods Manifest.lock */,
				A53E7E89221AB5C900D6000E /* Sources */,
				A53E7E8A221AB5C900D6000E /* Frameworks */,
				A53E7E8B221AB5C900D6000E /* Resources */,
				F7B3870CDC993D58B869D68A /* [CP] Embed Pods Frameworks */,
				EFC1AD2D941E9EF7CCC99D1C /* [CP] Copy Pods Resources */,
			);
			buildRules = (
			);
			dependencies = (
			);
			name = fBDemo;
			productName = fBDemo;
			productReference = A53E7E8D221AB5C900D6000E /* fBDemo.app */;
			productType = "com.apple.product-type.application";
		};
/* End PBXNativeTarget section */

/* Begin PBXProject section */
		A53E7E85221AB5C900D6000E /* Project object */ = {
			isa = PBXProject;
			attributes = {
				LastSwiftUpdateCheck = 1010;
				LastUpgradeCheck = 1010;
				ORGANIZATIONNAME = "Parvez Shaikh";
				TargetAttributes = {
					A53E7E8C221AB5C900D6000E = {
						CreatedOnToolsVersion = 10.1;
					};
				};
			};
			buildConfigurationList = A53E7E88221AB5C900D6000E /* Build configuration list for PBXProject "fBDemo" */;
			compatibilityVersion = "Xcode 9.3";
			developmentRegion = en;
			hasScannedForEncodings = 0;
			knownRegions = (
				en,
				Base,
			);
			mainGroup = A53E7E84221AB5C900D6000E;
			productRefGroup = A53E7E8E221AB5C900D6000E /* Products */;
			projectDirPath = "";
			projectRoot = "";
			targets = (
				A53E7E8C221AB5C900D6000E /* fBDemo */,
			);
		};
/* End PBXProject section */

/* Begin PBXResourcesBuildPhase section */
		A53E7E8B221AB5C900D6000E /* Resources */ = {
			isa = PBXResourcesBuildPhase;
			buildActionMask = 2147483647;
			files = (
				A53E7E9B221AB5D800D6000E /* LaunchScreen.storyboard in Resources */,
				A53E7E98221AB5D800D6000E /* Assets.xcassets in Resources */,
				A51C77A5222823E4001DFD90 /* turn-right-sign.png in Resources */,
				A585F5F722240700003376ED /* add-to-cart.png in Resources */,
				A51C77A32228216D001DFD90 /* placeholder.png in Resources */,
				A54E3828221EB4A80029D9DE /* arrow__down__arrow-down__dropdown__download__chevron-down__set-512.png in Resources */,
				A5605EE8223A94700044F003 /* inline.png in Resources */,
				A5306FEF22267D1A00FD6C35 /* back-navigational.png in Resources */,
				A5437204221BD81F00532472 /* GoogleService-Info.plist in Resources */,
				A53E7E96221AB5C900D6000E /* Main.storyboard in Resources */,
				A54E3826221EB3FD0029D9DE /* iconmonstr-location-pin-thin.png in Resources */,
				A51C77A7222824AF001DFD90 /* callNow.png in Resources */,
				A54E382A221EBE440029D9DE /* HotelCover.jpg in Resources */,
			);
			runOnlyForDeploymentPostprocessing = 0;
		};
/* End PBXResourcesBuildPhase section */

/* Begin PBXShellScriptBuildPhase section */
		CFBCDEFBF4E0833BB750895E /* [CP] Check Pods Manifest.lock */ = {
			isa = PBXShellScriptBuildPhase;
			buildActionMask = 2147483647;
			files = (
			);
			inputPaths = (
				"${PODS_PODFILE_DIR_PATH}/Podfile.lock",
				"${PODS_ROOT}/Manifest.lock",
			);
			name = "[CP] Check Pods Manifest.lock";
			outputPaths = (
				"$(DERIVED_FILE_DIR)/Pods-fBDemo-checkManifestLockResult.txt",
			);
			runOnlyForDeploymentPostprocessing = 0;
			shellPath = /bin/sh;
			shellScript = "diff \"${PODS_PODFILE_DIR_PATH}/Podfile.lock\" \"${PODS_ROOT}/Manifest.lock\" > /dev/null\nif [ $? != 0 ] ; then\n    # print error to STDERR\n    echo \"error: The sandbox is not in sync with the Podfile.lock. Run 'pod install' or update your CocoaPods installation.\" >&2\n    exit 1\nfi\n# This output is used by Xcode 'outputs' to avoid re-running this script phase.\necho \"SUCCESS\" > \"${SCRIPT_OUTPUT_FILE_0}\"\n";
			showEnvVarsInLog = 0;
		};
		EFC1AD2D941E9EF7CCC99D1C /* [CP] Copy Pods Resources */ = {
			isa = PBXShellScriptBuildPhase;
			buildActionMask = 2147483647;
			files = (
			);
			inputPaths = (
				"${SRCROOT}/Pods/Target Support Files/Pods-fBDemo/Pods-fBDemo-resources.sh",
				"${PODS_ROOT}/GoogleSignIn/Resources/GoogleSignIn.bundle",
			);
			name = "[CP] Copy Pods Resources";
			outputPaths = (
				"${TARGET_BUILD_DIR}/${UNLOCALIZED_RESOURCES_FOLDER_PATH}/GoogleSignIn.bundle",
			);
			runOnlyForDeploymentPostprocessing = 0;
			shellPath = /bin/sh;
			shellScript = "\"${SRCROOT}/Pods/Target Support Files/Pods-fBDemo/Pods-fBDemo-resources.sh\"\n";
			showEnvVarsInLog = 0;
		};
		F7B3870CDC993D58B869D68A /* [CP] Embed Pods Frameworks */ = {
			isa = PBXShellScriptBuildPhase;
			buildActionMask = 2147483647;
			files = (
			);
			inputPaths = (
				"${SRCROOT}/Pods/Target Support Files/Pods-fBDemo/Pods-fBDemo-frameworks.sh",
				"${BUILT_PRODUCTS_DIR}/Alamofire/Alamofire.framework",
				"${BUILT_PRODUCTS_DIR}/Bolts/Bolts.framework",
				"${BUILT_PRODUCTS_DIR}/FBSDKCoreKit/FBSDKCoreKit.framework",
				"${BUILT_PRODUCTS_DIR}/FBSDKLoginKit/FBSDKLoginKit.framework",
				"${BUILT_PRODUCTS_DIR}/FBSDKShareKit/FBSDKShareKit.framework",
				"${BUILT_PRODUCTS_DIR}/FacebookCore/FacebookCore.framework",
				"${BUILT_PRODUCTS_DIR}/FacebookLogin/FacebookLogin.framework",
				"${BUILT_PRODUCTS_DIR}/FacebookShare/FacebookShare.framework",
				"${BUILT_PRODUCTS_DIR}/GTMSessionFetcher/GTMSessionFetcher.framework",
				"${BUILT_PRODUCTS_DIR}/GoogleToolboxForMac/GoogleToolboxForMac.framework",
				"${BUILT_PRODUCTS_DIR}/GoogleUtilities/GoogleUtilities.framework",
				"${BUILT_PRODUCTS_DIR}/SwiftyJSON/SwiftyJSON.framework",
				"${BUILT_PRODUCTS_DIR}/nanopb/nanopb.framework",
			);
			name = "[CP] Embed Pods Frameworks";
			outputPaths = (
				"${TARGET_BUILD_DIR}/${FRAMEWORKS_FOLDER_PATH}/Alamofire.framework",
				"${TARGET_BUILD_DIR}/${FRAMEWORKS_FOLDER_PATH}/Bolts.framework",
				"${TARGET_BUILD_DIR}/${FRAMEWORKS_FOLDER_PATH}/FBSDKCoreKit.framework",
				"${TARGET_BUILD_DIR}/${FRAMEWORKS_FOLDER_PATH}/FBSDKLoginKit.framework",
				"${TARGET_BUILD_DIR}/${FRAMEWORKS_FOLDER_PATH}/FBSDKShareKit.framework",
				"${TARGET_BUILD_DIR}/${FRAMEWORKS_FOLDER_PATH}/FacebookCore.framework",
				"${TARGET_BUILD_DIR}/${FRAMEWORKS_FOLDER_PATH}/FacebookLogin.framework",
				"${TARGET_BUILD_DIR}/${FRAMEWORKS_FOLDER_PATH}/FacebookShare.framework",
				"${TARGET_BUILD_DIR}/${FRAMEWORKS_FOLDER_PATH}/GTMSessionFetcher.framework",
				"${TARGET_BUILD_DIR}/${FRAMEWORKS_FOLDER_PATH}/GoogleToolboxForMac.framework",
				"${TARGET_BUILD_DIR}/${FRAMEWORKS_FOLDER_PATH}/GoogleUtilities.framework",
				"${TARGET_BUILD_DIR}/${FRAMEWORKS_FOLDER_PATH}/SwiftyJSON.framework",
				"${TARGET_BUILD_DIR}/${FRAMEWORKS_FOLDER_PATH}/nanopb.framework",
			);
			runOnlyForDeploymentPostprocessing = 0;
			shellPath = /bin/sh;
			shellScript = "\"${SRCROOT}/Pods/Target Support Files/Pods-fBDemo/Pods-fBDemo-frameworks.sh\"\n";
			showEnvVarsInLog = 0;
		};
/* End PBXShellScriptBuildPhase section */

/* Begin PBXSourcesBuildPhase section */
		A53E7E89221AB5C900D6000E /* Sources */ = {
			isa = PBXSourcesBuildPhase;
			buildActionMask = 2147483647;
			files = (
				A5605EE6223A63BC0044F003 /* OrderSummeryViewController.swift in Sources */,
				A5437206221BFA4200532472 /* MainViewController.swift in Sources */,
				A53E7E93221AB5C900D6000E /* ViewController.swift in Sources */,
				A51C77A12227C683001DFD90 /* Constant.swift in Sources */,
				A53E7E91221AB5C900D6000E /* AppDelegate.swift in Sources */,
				A51C77A922282B4E001DFD90 /* CartViewController.swift in Sources */,
				A5913A73222D4ABD00DB98F5 /* ShowQRViewController.swift in Sources */,
				A585F5F92224218A003376ED /* MenuViewController.swift in Sources */,
			);
			runOnlyForDeploymentPostprocessing = 0;
		};
/* End PBXSourcesBuildPhase section */

/* Begin PBXVariantGroup section */
		A53E7E94221AB5C900D6000E /* Main.storyboard */ = {
			isa = PBXVariantGroup;
			children = (
				A53E7E95221AB5C900D6000E /* Base */,
			);
			name = Main.storyboard;
			sourceTree = "<group>";
		};
		A53E7E99221AB5D800D6000E /* LaunchScreen.storyboard */ = {
			isa = PBXVariantGroup;
			children = (
				A53E7E9A221AB5D800D6000E /* Base */,
			);
			name = LaunchScreen.storyboard;
			sourceTree = "<group>";
		};
/* End PBXVariantGroup section */

/* Begin XCBuildConfiguration section */
		A53E7E9D221AB5D800D6000E /* Debug */ = {
			isa = XCBuildConfiguration;
			buildSettings = {
				ALWAYS_SEARCH_USER_PATHS = NO;
				CLANG_ANALYZER_NONNULL = YES;
				CLANG_ANALYZER_NUMBER_OBJECT_CONVERSION = YES_AGGRESSIVE;
				CLANG_CXX_LANGUAGE_STANDARD = "gnu++14";
				CLANG_CXX_LIBRARY = "libc++";
				CLANG_ENABLE_MODULES = YES;
				CLANG_ENABLE_OBJC_ARC = YES;
				CLANG_ENABLE_OBJC_WEAK = YES;
				CLANG_WARN_BLOCK_CAPTURE_AUTORELEASING = YES;
				CLANG_WARN_BOOL_CONVERSION = YES;
				CLANG_WARN_COMMA = YES;
				CLANG_WARN_CONSTANT_CONVERSION = YES;
				CLANG_WARN_DEPRECATED_OBJC_IMPLEMENTATIONS = YES;
				CLANG_WARN_DIRECT_OBJC_ISA_USAGE = YES_ERROR;
				CLANG_WARN_DOCUMENTATION_COMMENTS = YES;
				CLANG_WARN_EMPTY_BODY = YES;
				CLANG_WARN_ENUM_CONVERSION = YES;
				CLANG_WARN_INFINITE_RECURSION = YES;
				CLANG_WARN_INT_CONVERSION = YES;
				CLANG_WARN_NON_LITERAL_NULL_CONVERSION = YES;
				CLANG_WARN_OBJC_IMPLICIT_RETAIN_SELF = YES;
				CLANG_WARN_OBJC_LITERAL_CONVERSION = YES;
				CLANG_WARN_OBJC_ROOT_CLASS = YES_ERROR;
				CLANG_WARN_RANGE_LOOP_ANALYSIS = YES;
				CLANG_WARN_STRICT_PROTOTYPES = YES;
				CLANG_WARN_SUSPICIOUS_MOVE = YES;
				CLANG_WARN_UNGUARDED_AVAILABILITY = YES_AGGRESSIVE;
				CLANG_WARN_UNREACHABLE_CODE = YES;
				CLANG_WARN__DUPLICATE_METHOD_MATCH = YES;
				CODE_SIGN_IDENTITY = "iPhone Developer";
				COPY_PHASE_STRIP = NO;
				DEBUG_INFORMATION_FORMAT = dwarf;
				ENABLE_STRICT_OBJC_MSGSEND = YES;
				ENABLE_TESTABILITY = YES;
				GCC_C_LANGUAGE_STANDARD = gnu11;
				GCC_DYNAMIC_NO_PIC = NO;
				GCC_NO_COMMON_BLOCKS = YES;
				GCC_OPTIMIZATION_LEVEL = 0;
				GCC_PREPROCESSOR_DEFINITIONS = (
					"DEBUG=1",
					"$(inherited)",
				);
				GCC_WARN_64_TO_32_BIT_CONVERSION = YES;
				GCC_WARN_ABOUT_RETURN_TYPE = YES_ERROR;
				GCC_WARN_UNDECLARED_SELECTOR = YES;
				GCC_WARN_UNINITIALIZED_AUTOS = YES_AGGRESSIVE;
				GCC_WARN_UNUSED_FUNCTION = YES;
				GCC_WARN_UNUSED_VARIABLE = YES;
				IPHONEOS_DEPLOYMENT_TARGET = 12.1;
				MTL_ENABLE_DEBUG_INFO = INCLUDE_SOURCE;
				MTL_FAST_MATH = YES;
				ONLY_ACTIVE_ARCH = YES;
				SDKROOT = iphoneos;
				SWIFT_ACTIVE_COMPILATION_CONDITIONS = DEBUG;
				SWIFT_OPTIMIZATION_LEVEL = "-Onone";
			};
			name = Debug;
		};
		A53E7E9E221AB5D800D6000E /* Release */ = {
			isa = XCBuildConfiguration;
			buildSettings = {
				ALWAYS_SEARCH_USER_PATHS = NO;
				CLANG_ANALYZER_NONNULL = YES;
				CLANG_ANALYZER_NUMBER_OBJECT_CONVERSION = YES_AGGRESSIVE;
				CLANG_CXX_LANGUAGE_STANDARD = "gnu++14";
				CLANG_CXX_LIBRARY = "libc++";
				CLANG_ENABLE_MODULES = YES;
				CLANG_ENABLE_OBJC_ARC = YES;
				CLANG_ENABLE_OBJC_WEAK = YES;
				CLANG_WARN_BLOCK_CAPTURE_AUTORELEASING = YES;
				CLANG_WARN_BOOL_CONVERSION = YES;
				CLANG_WARN_COMMA = YES;
				CLANG_WARN_CONSTANT_CONVERSION = YES;
				CLANG_WARN_DEPRECATED_OBJC_IMPLEMENTATIONS = YES;
				CLANG_WARN_DIRECT_OBJC_ISA_USAGE = YES_ERROR;
				CLANG_WARN_DOCUMENTATION_COMMENTS = YES;
				CLANG_WARN_EMPTY_BODY = YES;
				CLANG_WARN_ENUM_CONVERSION = YES;
				CLANG_WARN_INFINITE_RECURSION = YES;
				CLANG_WARN_INT_CONVERSION = YES;
				CLANG_WARN_NON_LITERAL_NULL_CONVERSION = YES;
				CLANG_WARN_OBJC_IMPLICIT_RETAIN_SELF = YES;
				CLANG_WARN_OBJC_LITERAL_CONVERSION = YES;
				CLANG_WARN_OBJC_ROOT_CLASS = YES_ERROR;
				CLANG_WARN_RANGE_LOOP_ANALYSIS = YES;
				CLANG_WARN_STRICT_PROTOTYPES = YES;
				CLANG_WARN_SUSPICIOUS_MOVE = YES;
				CLANG_WARN_UNGUARDED_AVAILABILITY = YES_AGGRESSIVE;
				CLANG_WARN_UNREACHABLE_CODE = YES;
				CLANG_WARN__DUPLICATE_METHOD_MATCH = YES;
				CODE_SIGN_IDENTITY = "iPhone Developer";
				COPY_PHASE_STRIP = NO;
				DEBUG_INFORMATION_FORMAT = "dwarf-with-dsym";
				ENABLE_NS_ASSERTIONS = NO;
				ENABLE_STRICT_OBJC_MSGSEND = YES;
				GCC_C_LANGUAGE_STANDARD = gnu11;
				GCC_NO_COMMON_BLOCKS = YES;
				GCC_WARN_64_TO_32_BIT_CONVERSION = YES;
				GCC_WARN_ABOUT_RETURN_TYPE = YES_ERROR;
				GCC_WARN_UNDECLARED_SELECTOR = YES;
				GCC_WARN_UNINITIALIZED_AUTOS = YES_AGGRESSIVE;
				GCC_WARN_UNUSED_FUNCTION = YES;
				GCC_WARN_UNUSED_VARIABLE = YES;
				IPHONEOS_DEPLOYMENT_TARGET = 12.1;
				MTL_ENABLE_DEBUG_INFO = NO;
				MTL_FAST_MATH = YES;
				SDKROOT = iphoneos;
				SWIFT_COMPILATION_MODE = wholemodule;
				SWIFT_OPTIMIZATION_LEVEL = "-O";
				VALIDATE_PRODUCT = YES;
			};
			name = Release;
		};
		A53E7EA0221AB5D800D6000E /* Debug */ = {
			isa = XCBuildConfiguration;
			baseConfigurationReference = FD186035CB5B1EF7E93A0CB2 /* Pods-fBDemo.debug.xcconfig */;
			buildSettings = {
				ASSETCATALOG_COMPILER_APPICON_NAME = AppIcon;
				CODE_SIGN_IDENTITY = "iPhone Developer";
				CODE_SIGN_STYLE = Automatic;
				DEVELOPMENT_TEAM = GSA54HZN69;
				INFOPLIST_FILE = fBDemo/Info.plist;
				LD_RUNPATH_SEARCH_PATHS = (
					"$(inherited)",
					"@executable_path/Frameworks",
				);
				PRODUCT_BUNDLE_IDENTIFIER = "AIT-Global.fBDemo";
				PRODUCT_NAME = "$(TARGET_NAME)";
				PROVISIONING_PROFILE_SPECIFIER = "";
				SWIFT_VERSION = 4.2;
				TARGETED_DEVICE_FAMILY = 1;
			};
			name = Debug;
		};
		A53E7EA1221AB5D800D6000E /* Release */ = {
			isa = XCBuildConfiguration;
			baseConfigurationReference = 0F899118325B2A36BE970EEA /* Pods-fBDemo.release.xcconfig */;
			buildSettings = {
				ASSETCATALOG_COMPILER_APPICON_NAME = AppIcon;
				CODE_SIGN_IDENTITY = "iPhone Developer";
				CODE_SIGN_STYLE = Automatic;
				DEVELOPMENT_TEAM = GSA54HZN69;
				INFOPLIST_FILE = fBDemo/Info.plist;
				LD_RUNPATH_SEARCH_PATHS = (
					"$(inherited)",
					"@executable_path/Frameworks",
				);
				PRODUCT_BUNDLE_IDENTIFIER = "AIT-Global.fBDemo";
				PRODUCT_NAME = "$(TARGET_NAME)";
				PROVISIONING_PROFILE_SPECIFIER = "";
				SWIFT_VERSION = 4.2;
				TARGETED_DEVICE_FAMILY = 1;
			};
			name = Release;
		};
/* End XCBuildConfiguration section */

/* Begin XCConfigurationList section */
		A53E7E88221AB5C900D6000E /* Build configuration list for PBXProject "fBDemo" */ = {
			isa = XCConfigurationList;
			buildConfigurations = (
				A53E7E9D221AB5D800D6000E /* Debug */,
				A53E7E9E221AB5D800D6000E /* Release */,
			);
			defaultConfigurationIsVisible = 0;
			defaultConfigurationName = Release;
		};
		A53E7E9F221AB5D800D6000E /* Build configuration list for PBXNativeTarget "fBDemo" */ = {
			isa = XCConfigurationList;
			buildConfigurations = (
				A53E7EA0221AB5D800D6000E /* Debug */,
				A53E7EA1221AB5D800D6000E /* Release */,
			);
			defaultConfigurationIsVisible = 0;
			defaultConfigurationName = Release;
		};
/* End XCConfigurationList section */
	};
	rootObject = A53E7E85221AB5C900D6000E /* Project object */;
}
